
Microsoft Visual Studio Solution File, Format Version 12.00
# Visual Studio Version 17
VisualStudioVersion = 17.10.35013.160
MinimumVisualStudioVersion = 10.0.40219.1
Project("{FAE04EC0-301F-11D3-BF4B-00C04F79EFBC}") = "FunctionApp1", "FunctionApp1\FunctionApp1.csproj", "{918F3299-D09F-4337-93A3-4B711E1DA9C9}"
EndProject
Global
	GlobalSection(SolutionConfigurationPlatforms) = preSolution
		Debug|Any CPU = Debug|Any CPU
		Release|Any CPU = Release|Any CPU
	EndGlobalSection
	GlobalSection(ProjectConfigurationPlatforms) = postSolution
		{918F3299-D09F-4337-93A3-4B711E1DA9C9}.Debug|Any CPU.ActiveCfg = Debug|Any CPU
		{918F3299-D09F-4337-93A3-4B711E1DA9C9}.Debug|Any CPU.Build.0 = Debug|Any CPU
		{918F3299-D09F-4337-93A3-4B711E1DA9C9}.Release|Any CPU.ActiveCfg = Release|Any CPU
		{918F3299-D09F-4337-93A3-4B711E1DA9C9}.Release|Any CPU.Build.0 = Release|Any CPU
	EndGlobalSection
	GlobalSection(SolutionProperties) = preSolution
		HideSolutionNode = FALSE
	EndGlobalSection
	GlobalSection(ExtensibilityGlobals) = postSolution
		SolutionGuid = {E554DCE0-7558-4734-AC88-9B9300BE726A}
	EndGlobalSection
EndGlobal
